// !$*UTF8*$!
{
	archiveVersion = 1;
	classes = {
	};
	objectVersion = 50;
	objects = {

/* Begin PBXBuildFile section */
		E11EF11D23A477C4005132B0 /* FavoritesTableViewController.swift in Sources */ = {isa = PBXBuildFile; fileRef = E11EF11C23A477C3005132B0 /* FavoritesTableViewController.swift */; };
		E1E3968523A31AF600F0613D /* AppDelegate.swift in Sources */ = {isa = PBXBuildFile; fileRef = E1E3968423A31AF600F0613D /* AppDelegate.swift */; };
		E1E3968723A31AF600F0613D /* SceneDelegate.swift in Sources */ = {isa = PBXBuildFile; fileRef = E1E3968623A31AF600F0613D /* SceneDelegate.swift */; };
		E1E3968923A31AF600F0613D /* ElementTableViewController.swift in Sources */ = {isa = PBXBuildFile; fileRef = E1E3968823A31AF600F0613D /* ElementTableViewController.swift */; };
		E1E3968C23A31AF600F0613D /* Main.storyboard in Resources */ = {isa = PBXBuildFile; fileRef = E1E3968A23A31AF600F0613D /* Main.storyboard */; };
		E1E3968E23A31AF900F0613D /* Assets.xcassets in Resources */ = {isa = PBXBuildFile; fileRef = E1E3968D23A31AF900F0613D /* Assets.xcassets */; };
		E1E3969123A31AF900F0613D /* LaunchScreen.storyboard in Resources */ = {isa = PBXBuildFile; fileRef = E1E3968F23A31AF900F0613D /* LaunchScreen.storyboard */; };
		E1E3969C23A31AF900F0613D /* Unit3AssessmentTests.swift in Sources */ = {isa = PBXBuildFile; fileRef = E1E3969B23A31AF900F0613D /* Unit3AssessmentTests.swift */; };
		E1E396A723A31B2500F0613D /* NetworkHelper.swift in Sources */ = {isa = PBXBuildFile; fileRef = E1E396A623A31B2500F0613D /* NetworkHelper.swift */; };
		E1E396A923A31B4500F0613D /* AppError.swift in Sources */ = {isa = PBXBuildFile; fileRef = E1E396A823A31B4500F0613D /* AppError.swift */; };
		E1E396AB23A31C1000F0613D /* Element.swift in Sources */ = {isa = PBXBuildFile; fileRef = E1E396AA23A31C1000F0613D /* Element.swift */; };
		E1E396AD23A323EB00F0613D /* GenericCoderService.swift in Sources */ = {isa = PBXBuildFile; fileRef = E1E396AC23A323EB00F0613D /* GenericCoderService.swift */; };
		E1E396AF23A32DA400F0613D /* ElementCell.swift in Sources */ = {isa = PBXBuildFile; fileRef = E1E396AE23A32DA400F0613D /* ElementCell.swift */; };
		E1E396B123A3342600F0613D /* ImageView+Extensions.swift in Sources */ = {isa = PBXBuildFile; fileRef = E1E396B023A3342600F0613D /* ImageView+Extensions.swift */; };
		E1E396B323A339DA00F0613D /* ElementDetailViewController.swift in Sources */ = {isa = PBXBuildFile; fileRef = E1E396B223A339DA00F0613D /* ElementDetailViewController.swift */; };
		E1E396B523A3457300F0613D /* Favorite.swift in Sources */ = {isa = PBXBuildFile; fileRef = E1E396B423A3457300F0613D /* Favorite.swift */; };
/* End PBXBuildFile section */

/* Begin PBXContainerItemProxy section */
		E1E3969823A31AF900F0613D /* PBXContainerItemProxy */ = {
			isa = PBXContainerItemProxy;
			containerPortal = E1E3967923A31AF600F0613D /* Project object */;
			proxyType = 1;
			remoteGlobalIDString = E1E3968023A31AF600F0613D;
			remoteInfo = Unit3Assessment;
		};
/* End PBXContainerItemProxy section */

/* Begin PBXFileReference section */
		E11EF11C23A477C3005132B0 /* FavoritesTableViewController.swift */ = {isa = PBXFileReference; lastKnownFileType = sourcecode.swift; path = FavoritesTableViewController.swift; sourceTree = "<group>"; };
		E1E3968123A31AF600F0613D /* Unit3Assessment.app */ = {isa = PBXFileReference; explicitFileType = wrapper.application; includeInIndex = 0; path = Unit3Assessment.app; sourceTree = BUILT_PRODUCTS_DIR; };
		E1E3968423A31AF600F0613D /* AppDelegate.swift */ = {isa = PBXFileReference; lastKnownFileType = sourcecode.swift; path = AppDelegate.swift; sourceTree = "<group>"; };
		E1E3968623A31AF600F0613D /* SceneDelegate.swift */ = {isa = PBXFileReference; lastKnownFileType = sourcecode.swift; path = SceneDelegate.swift; sourceTree = "<group>"; };
		E1E3968823A31AF600F0613D /* ElementTableViewController.swift */ = {isa = PBXFileReference; lastKnownFileType = sourcecode.swift; path = ElementTableViewController.swift; sourceTree = "<group>"; };
		E1E3968B23A31AF600F0613D /* Base */ = {isa = PBXFileReference; lastKnownFileType = file.storyboard; name = Base; path = Base.lproj/Main.storyboard; sourceTree = "<group>"; };
		E1E3968D23A31AF900F0613D /* Assets.xcassets */ = {isa = PBXFileReference; lastKnownFileType = folder.assetcatalog; path = Assets.xcassets; sourceTree = "<group>"; };
		E1E3969023A31AF900F0613D /* Base */ = {isa = PBXFileReference; lastKnownFileType = file.storyboard; name = Base; path = Base.lproj/LaunchScreen.storyboard; sourceTree = "<group>"; };
		E1E3969223A31AF900F0613D /* Info.plist */ = {isa = PBXFileReference; lastKnownFileType = text.plist.xml; path = Info.plist; sourceTree = "<group>"; };
		E1E3969723A31AF900F0613D /* Unit3AssessmentTests.xctest */ = {isa = PBXFileReference; explicitFileType = wrapper.cfbundle; includeInIndex = 0; path = Unit3AssessmentTests.xctest; sourceTree = BUILT_PRODUCTS_DIR; };
		E1E3969B23A31AF900F0613D /* Unit3AssessmentTests.swift */ = {isa = PBXFileReference; lastKnownFileType = sourcecode.swift; path = Unit3AssessmentTests.swift; sourceTree = "<group>"; };
		E1E3969D23A31AF900F0613D /* Info.plist */ = {isa = PBXFileReference; lastKnownFileType = text.plist.xml; path = Info.plist; sourceTree = "<group>"; };
		E1E396A623A31B2500F0613D /* NetworkHelper.swift */ = {isa = PBXFileReference; lastKnownFileType = sourcecode.swift; path = NetworkHelper.swift; sourceTree = "<group>"; };
		E1E396A823A31B4500F0613D /* AppError.swift */ = {isa = PBXFileReference; lastKnownFileType = sourcecode.swift; path = AppError.swift; sourceTree = "<group>"; };
		E1E396AA23A31C1000F0613D /* Element.swift */ = {isa = PBXFileReference; lastKnownFileType = sourcecode.swift; path = Element.swift; sourceTree = "<group>"; };
		E1E396AC23A323EB00F0613D /* GenericCoderService.swift */ = {isa = PBXFileReference; lastKnownFileType = sourcecode.swift; path = GenericCoderService.swift; sourceTree = "<group>"; };
		E1E396AE23A32DA400F0613D /* ElementCell.swift */ = {isa = PBXFileReference; lastKnownFileType = sourcecode.swift; path = ElementCell.swift; sourceTree = "<group>"; };
		E1E396B023A3342600F0613D /* ImageView+Extensions.swift */ = {isa = PBXFileReference; lastKnownFileType = sourcecode.swift; path = "ImageView+Extensions.swift"; sourceTree = "<group>"; };
		E1E396B223A339DA00F0613D /* ElementDetailViewController.swift */ = {isa = PBXFileReference; lastKnownFileType = sourcecode.swift; path = ElementDetailViewController.swift; sourceTree = "<group>"; };
		E1E396B423A3457300F0613D /* Favorite.swift */ = {isa = PBXFileReference; lastKnownFileType = sourcecode.swift; path = Favorite.swift; sourceTree = "<group>"; };
/* End PBXFileReference section */

/* Begin PBXFrameworksBuildPhase section */
		E1E3967E23A31AF600F0613D /* Frameworks */ = {
			isa = PBXFrameworksBuildPhase;
			buildActionMask = 2147483647;
			files = (
			);
			runOnlyForDeploymentPostprocessing = 0;
		};
		E1E3969423A31AF900F0613D /* Frameworks */ = {
			isa = PBXFrameworksBuildPhase;
			buildActionMask = 2147483647;
			files = (
			);
			runOnlyForDeploymentPostprocessing = 0;
		};
/* End PBXFrameworksBuildPhase section */

/* Begin PBXGroup section */
		E1E3967823A31AF600F0613D = {
			isa = PBXGroup;
			children = (
				E1E3968323A31AF600F0613D /* Unit3Assessment */,
				E1E3969A23A31AF900F0613D /* Unit3AssessmentTests */,
				E1E3968223A31AF600F0613D /* Products */,
			);
			sourceTree = "<group>";
		};
		E1E3968223A31AF600F0613D /* Products */ = {
			isa = PBXGroup;
			children = (
				E1E3968123A31AF600F0613D /* Unit3Assessment.app */,
				E1E3969723A31AF900F0613D /* Unit3AssessmentTests.xctest */,
			);
			name = Products;
			sourceTree = "<group>";
		};
		E1E3968323A31AF600F0613D /* Unit3Assessment */ = {
			isa = PBXGroup;
			children = (
				E1E3968423A31AF600F0613D /* AppDelegate.swift */,
				E1E3968623A31AF600F0613D /* SceneDelegate.swift */,
				E1E396A823A31B4500F0613D /* AppError.swift */,
				E1E396A623A31B2500F0613D /* NetworkHelper.swift */,
				E1E396AC23A323EB00F0613D /* GenericCoderService.swift */,
				E1E396B423A3457300F0613D /* Favorite.swift */,
				E1E396AA23A31C1000F0613D /* Element.swift */,
				E1E396AE23A32DA400F0613D /* ElementCell.swift */,
				E1E3968823A31AF600F0613D /* ElementTableViewController.swift */,
				E1E396B223A339DA00F0613D /* ElementDetailViewController.swift */,
				E11EF11C23A477C3005132B0 /* FavoritesTableViewController.swift */,
				E1E396B023A3342600F0613D /* ImageView+Extensions.swift */,
				E1E3968A23A31AF600F0613D /* Main.storyboard */,
				E1E3968D23A31AF900F0613D /* Assets.xcassets */,
				E1E3968F23A31AF900F0613D /* LaunchScreen.storyboard */,
				E1E3969223A31AF900F0613D /* Info.plist */,
			);
			path = Unit3Assessment;
			sourceTree = "<group>";
		};
		E1E3969A23A31AF900F0613D /* Unit3AssessmentTests */ = {
			isa = PBXGroup;
			children = (
				E1E3969B23A31AF900F0613D /* Unit3AssessmentTests.swift */,
				E1E3969D23A31AF900F0613D /* Info.plist */,
			);
			path = Unit3AssessmentTests;
			sourceTree = "<group>";
		};
/* End PBXGroup section */

/* Begin PBXNativeTarget section */
		E1E3968023A31AF600F0613D /* Unit3Assessment */ = {
			isa = PBXNativeTarget;
			buildConfigurationList = E1E396A023A31AF900F0613D /* Build configuration list for PBXNativeTarget "Unit3Assessment" */;
			buildPhases = (
				E1E3967D23A31AF600F0613D /* Sources */,
				E1E3967E23A31AF600F0613D /* Frameworks */,
				E1E3967F23A31AF600F0613D /* Resources */,
			);
			buildRules = (
			);
			dependencies = (
			);
			name = Unit3Assessment;
			productName = Unit3Assessment;
			productReference = E1E3968123A31AF600F0613D /* Unit3Assessment.app */;
			productType = "com.apple.product-type.application";
		};
		E1E3969623A31AF900F0613D /* Unit3AssessmentTests */ = {
			isa = PBXNativeTarget;
			buildConfigurationList = E1E396A323A31AF900F0613D /* Build configuration list for PBXNativeTarget "Unit3AssessmentTests" */;
			buildPhases = (
				E1E3969323A31AF900F0613D /* Sources */,
				E1E3969423A31AF900F0613D /* Frameworks */,
				E1E3969523A31AF900F0613D /* Resources */,
			);
			buildRules = (
			);
			dependencies = (
				E1E3969923A31AF900F0613D /* PBXTargetDependency */,
			);
			name = Unit3AssessmentTests;
			productName = Unit3AssessmentTests;
			productReference = E1E3969723A31AF900F0613D /* Unit3AssessmentTests.xctest */;
			productType = "com.apple.product-type.bundle.unit-test";
		};
/* End PBXNativeTarget section */

/* Begin PBXProject section */
		E1E3967923A31AF600F0613D /* Project object */ = {
			isa = PBXProject;
			attributes = {
				LastSwiftUpdateCheck = 1120;
				LastUpgradeCheck = 1120;
				ORGANIZATIONNAME = "Ahad Islam";
				TargetAttributes = {
					E1E3968023A31AF600F0613D = {
						CreatedOnToolsVersion = 11.2;
					};
					E1E3969623A31AF900F0613D = {
						CreatedOnToolsVersion = 11.2;
						TestTargetID = E1E3968023A31AF600F0613D;
					};
				};
			};
			buildConfigurationList = E1E3967C23A31AF600F0613D /* Build configuration list for PBXProject "Unit3Assessment" */;
			compatibilityVersion = "Xcode 9.3";
			developmentRegion = en;
			hasScannedForEncodings = 0;
			knownRegions = (
				en,
				Base,
			);
			mainGroup = E1E3967823A31AF600F0613D;
			productRefGroup = E1E3968223A31AF600F0613D /* Products */;
			projectDirPath = "";
			projectRoot = "";
			targets = (
				E1E3968023A31AF600F0613D /* Unit3Assessment */,
				E1E3969623A31AF900F0613D /* Unit3AssessmentTests */,
			);
		};
/* End PBXProject section */

/* Begin PBXResourcesBuildPhase section */
		E1E3967F23A31AF600F0613D /* Resources */ = {
			isa = PBXResourcesBuildPhase;
			buildActionMask = 2147483647;
			files = (
				E1E3969123A31AF900F0613D /* LaunchScreen.storyboard in Resources */,
				E1E3968E23A31AF900F0613D /* Assets.xcassets in Resources */,
				E1E3968C23A31AF600F0613D /* Main.storyboard in Resources */,
			);
			runOnlyForDeploymentPostprocessing = 0;
		};
		E1E3969523A31AF900F0613D /* Resources */ = {
			isa = PBXResourcesBuildPhase;
			buildActionMask = 2147483647;
			files = (
			);
			runOnlyForDeploymentPostprocessing = 0;
		};
/* End PBXResourcesBuildPhase section */

/* Begin PBXSourcesBuildPhase section */
		E1E3967D23A31AF600F0613D /* Sources */ = {
			isa = PBXSourcesBuildPhase;
			buildActionMask = 2147483647;
			files = (
				E1E396A723A31B2500F0613D /* NetworkHelper.swift in Sources */,
				E1E396B123A3342600F0613D /* ImageView+Extensions.swift in Sources */,
				E1E3968923A31AF600F0613D /* ElementTableViewController.swift in Sources */,
				E11EF11D23A477C4005132B0 /* FavoritesTableViewController.swift in Sources */,
				E1E396A923A31B4500F0613D /* AppError.swift in Sources */,
				E1E396AD23A323EB00F0613D /* GenericCoderService.swift in Sources */,
				E1E3968523A31AF600F0613D /* AppDelegate.swift in Sources */,
				E1E396B523A3457300F0613D /* Favorite.swift in Sources */,
				E1E396B323A339DA00F0613D /* ElementDetailViewController.swift in Sources */,
				E1E3968723A31AF600F0613D /* SceneDelegate.swift in Sources */,
				E1E396AF23A32DA400F0613D /* ElementCell.swift in Sources */,
				E1E396AB23A31C1000F0613D /* Element.swift in Sources */,
			);
			runOnlyForDeploymentPostprocessing = 0;
		};
		E1E3969323A31AF900F0613D /* Sources */ = {
			isa = PBXSourcesBuildPhase;
			buildActionMask = 2147483647;
			files = (
				E1E3969C23A31AF900F0613D /* Unit3AssessmentTests.swift in Sources */,
			);
			runOnlyForDeploymentPostprocessing = 0;
		};
/* End PBXSourcesBuildPhase section */

/* Begin PBXTargetDependency section */
		E1E3969923A31AF900F0613D /* PBXTargetDependency */ = {
			isa = PBXTargetDependency;
			target = E1E3968023A31AF600F0613D /* Unit3Assessment */;
			targetProxy = E1E3969823A31AF900F0613D /* PBXContainerItemProxy */;
		};
/* End PBXTargetDependency section */

/* Begin PBXVariantGroup section */
		E1E3968A23A31AF600F0613D /* Main.storyboard */ = {
			isa = PBXVariantGroup;
			children = (
				E1E3968B23A31AF600F0613D /* Base */,
			);
			name = Main.storyboard;
			sourceTree = "<group>";
		};
		E1E3968F23A31AF900F0613D /* LaunchScreen.storyboard */ = {
			isa = PBXVariantGroup;
			children = (
				E1E3969023A31AF900F0613D /* Base */,
			);
			name = LaunchScreen.storyboard;
			sourceTree = "<group>";
		};
/* End PBXVariantGroup section */

/* Begin XCBuildConfiguration section */
		E1E3969E23A31AF900F0613D /* Debug */ = {
			isa = XCBuildConfiguration;
			buildSettings = {
				ALWAYS_SEARCH_USER_PATHS = NO;
				CLANG_ANALYZER_NONNULL = YES;
				CLANG_ANALYZER_NUMBER_OBJECT_CONVERSION = YES_AGGRESSIVE;
				CLANG_CXX_LANGUAGE_STANDARD = "gnu++14";
				CLANG_CXX_LIBRARY = "libc++";
				CLANG_ENABLE_MODULES = YES;
				CLANG_ENABLE_OBJC_ARC = YES;
				CLANG_ENABLE_OBJC_WEAK = YES;
				CLANG_WARN_BLOCK_CAPTURE_AUTORELEASING = YES;
				CLANG_WARN_BOOL_CONVERSION = YES;
				CLANG_WARN_COMMA = YES;
				CLANG_WARN_CONSTANT_CONVERSION = YES;
				CLANG_WARN_DEPRECATED_OBJC_IMPLEMENTATIONS = YES;
				CLANG_WARN_DIRECT_OBJC_ISA_USAGE = YES_ERROR;
				CLANG_WARN_DOCUMENTATION_COMMENTS = YES;
				CLANG_WARN_EMPTY_BODY = YES;
				CLANG_WARN_ENUM_CONVERSION = YES;
				CLANG_WARN_INFINITE_RECURSION = YES;
				CLANG_WARN_INT_CONVERSION = YES;
				CLANG_WARN_NON_LITERAL_NULL_CONVERSION = YES;
				CLANG_WARN_OBJC_IMPLICIT_RETAIN_SELF = YES;
				CLANG_WARN_OBJC_LITERAL_CONVERSION = YES;
				CLANG_WARN_OBJC_ROOT_CLASS = YES_ERROR;
				CLANG_WARN_RANGE_LOOP_ANALYSIS = YES;
				CLANG_WARN_STRICT_PROTOTYPES = YES;
				CLANG_WARN_SUSPICIOUS_MOVE = YES;
				CLANG_WARN_UNGUARDED_AVAILABILITY = YES_AGGRESSIVE;
				CLANG_WARN_UNREACHABLE_CODE = YES;
				CLANG_WARN__DUPLICATE_METHOD_MATCH = YES;
				COPY_PHASE_STRIP = NO;
				DEBUG_INFORMATION_FORMAT = dwarf;
				ENABLE_STRICT_OBJC_MSGSEND = YES;
				ENABLE_TESTABILITY = YES;
				GCC_C_LANGUAGE_STANDARD = gnu11;
				GCC_DYNAMIC_NO_PIC = NO;
				GCC_NO_COMMON_BLOCKS = YES;
				GCC_OPTIMIZATION_LEVEL = 0;
				GCC_PREPROCESSOR_DEFINITIONS = (
					"DEBUG=1",
					"$(inherited)",
				);
				GCC_WARN_64_TO_32_BIT_CONVERSION = YES;
				GCC_WARN_ABOUT_RETURN_TYPE = YES_ERROR;
				GCC_WARN_UNDECLARED_SELECTOR = YES;
				GCC_WARN_UNINITIALIZED_AUTOS = YES_AGGRESSIVE;
				GCC_WARN_UNUSED_FUNCTION = YES;
				GCC_WARN_UNUSED_VARIABLE = YES;
				IPHONEOS_DEPLOYMENT_TARGET = 13.2;
				MTL_ENABLE_DEBUG_INFO = INCLUDE_SOURCE;
				MTL_FAST_MATH = YES;
				ONLY_ACTIVE_ARCH = YES;
				SDKROOT = iphoneos;
				SWIFT_ACTIVE_COMPILATION_CONDITIONS = DEBUG;
				SWIFT_OPTIMIZATION_LEVEL = "-Onone";
			};
			name = Debug;
		};
		E1E3969F23A31AF900F0613D /* Release */ = {
			isa = XCBuildConfiguration;
			buildSettings = {
				ALWAYS_SEARCH_USER_PATHS = NO;
				CLANG_ANALYZER_NONNULL = YES;
				CLANG_ANALYZER_NUMBER_OBJECT_CONVERSION = YES_AGGRESSIVE;
				CLANG_CXX_LANGUAGE_STANDARD = "gnu++14";
				CLANG_CXX_LIBRARY = "libc++";
				CLANG_ENABLE_MODULES = YES;
				CLANG_ENABLE_OBJC_ARC = YES;
				CLANG_ENABLE_OBJC_WEAK = YES;
				CLANG_WARN_BLOCK_CAPTURE_AUTORELEASING = YES;
				CLANG_WARN_BOOL_CONVERSION = YES;
				CLANG_WARN_COMMA = YES;
				CLANG_WARN_CONSTANT_CONVERSION = YES;
				CLANG_WARN_DEPRECATED_OBJC_IMPLEMENTATIONS = YES;
				CLANG_WARN_DIRECT_OBJC_ISA_USAGE = YES_ERROR;
				CLANG_WARN_DOCUMENTATION_COMMENTS = YES;
				CLANG_WARN_EMPTY_BODY = YES;
				CLANG_WARN_ENUM_CONVERSION = YES;
				CLANG_WARN_INFINITE_RECURSION = YES;
				CLANG_WARN_INT_CONVERSION = YES;
				CLANG_WARN_NON_LITERAL_NULL_CONVERSION = YES;
				CLANG_WARN_OBJC_IMPLICIT_RETAIN_SELF = YES;
				CLANG_WARN_OBJC_LITERAL_CONVERSION = YES;
				CLANG_WARN_OBJC_ROOT_CLASS = YES_ERROR;
				CLANG_WARN_RANGE_LOOP_ANALYSIS = YES;
				CLANG_WARN_STRICT_PROTOTYPES = YES;
				CLANG_WARN_SUSPICIOUS_MOVE = YES;
				CLANG_WARN_UNGUARDED_AVAILABILITY = YES_AGGRESSIVE;
				CLANG_WARN_UNREACHABLE_CODE = YES;
				CLANG_WARN__DUPLICATE_METHOD_MATCH = YES;
				COPY_PHASE_STRIP = NO;
				DEBUG_INFORMATION_FORMAT = "dwarf-with-dsym";
				ENABLE_NS_ASSERTIONS = NO;
				ENABLE_STRICT_OBJC_MSGSEND = YES;
				GCC_C_LANGUAGE_STANDARD = gnu11;
				GCC_NO_COMMON_BLOCKS = YES;
				GCC_WARN_64_TO_32_BIT_CONVERSION = YES;
				GCC_WARN_ABOUT_RETURN_TYPE = YES_ERROR;
				GCC_WARN_UNDECLARED_SELECTOR = YES;
				GCC_WARN_UNINITIALIZED_AUTOS = YES_AGGRESSIVE;
				GCC_WARN_UNUSED_FUNCTION = YES;
				GCC_WARN_UNUSED_VARIABLE = YES;
				IPHONEOS_DEPLOYMENT_TARGET = 13.2;
				MTL_ENABLE_DEBUG_INFO = NO;
				MTL_FAST_MATH = YES;
				SDKROOT = iphoneos;
				SWIFT_COMPILATION_MODE = wholemodule;
				SWIFT_OPTIMIZATION_LEVEL = "-O";
				VALIDATE_PRODUCT = YES;
			};
			name = Release;
		};
		E1E396A123A31AF900F0613D /* Debug */ = {
			isa = XCBuildConfiguration;
			buildSettings = {
				ASSETCATALOG_COMPILER_APPICON_NAME = AppIcon;
				CODE_SIGN_STYLE = Automatic;
				DEVELOPMENT_TEAM = 4MS4J77WTY;
				INFOPLIST_FILE = Unit3Assessment/Info.plist;
				LD_RUNPATH_SEARCH_PATHS = (
					"$(inherited)",
					"@executable_path/Frameworks",
				);
				PRODUCT_BUNDLE_IDENTIFIER = com.ahadislam.Unit3Assessment;
				PRODUCT_NAME = "$(TARGET_NAME)";
				SWIFT_VERSION = 5.0;
				TARGETED_DEVICE_FAMILY = "1,2";
			};
			name = Debug;
		};
		E1E396A223A31AF900F0613D /* Release */ = {
			isa = XCBuildConfiguration;
			buildSettings = {
				ASSETCATALOG_COMPILER_APPICON_NAME = AppIcon;
				CODE_SIGN_STYLE = Automatic;
				DEVELOPMENT_TEAM = 4MS4J77WTY;
				INFOPLIST_FILE = Unit3Assessment/Info.plist;
				LD_RUNPATH_SEARCH_PATHS = (
					"$(inherited)",
					"@executable_path/Frameworks",
				);
				PRODUCT_BUNDLE_IDENTIFIER = com.ahadislam.Unit3Assessment;
				PRODUCT_NAME = "$(TARGET_NAME)";
				SWIFT_VERSION = 5.0;
				TARGETED_DEVICE_FAMILY = "1,2";
			};
			name = Release;
		};
		E1E396A423A31AF900F0613D /* Debug */ = {
			isa = XCBuildConfiguration;
			buildSettings = {
				ALWAYS_EMBED_SWIFT_STANDARD_LIBRARIES = YES;
				BUNDLE_LOADER = "$(TEST_HOST)";
				CODE_SIGN_STYLE = Automatic;
				DEVELOPMENT_TEAM = 4MS4J77WTY;
				INFOPLIST_FILE = Unit3AssessmentTests/Info.plist;
				IPHONEOS_DEPLOYMENT_TARGET = 13.2;
				LD_RUNPATH_SEARCH_PATHS = (
					"$(inherited)",
					"@executable_path/Frameworks",
					"@loader_path/Frameworks",
				);
				PRODUCT_BUNDLE_IDENTIFIER = com.ahadislam.Unit3AssessmentTests;
				PRODUCT_NAME = "$(TARGET_NAME)";
				SWIFT_VERSION = 5.0;
				TARGETED_DEVICE_FAMILY = "1,2";
				TEST_HOST = "$(BUILT_PRODUCTS_DIR)/Unit3Assessment.app/Unit3Assessment";
			};
			name = Debug;
		};
		E1E396A523A31AF900F0613D /* Release */ = {
			isa = XCBuildConfiguration;
			buildSettings = {
				ALWAYS_EMBED_SWIFT_STANDARD_LIBRARIES = YES;
				BUNDLE_LOADER = "$(TEST_HOST)";
				CODE_SIGN_STYLE = Automatic;
				DEVELOPMENT_TEAM = 4MS4J77WTY;
				INFOPLIST_FILE = Unit3AssessmentTests/Info.plist;
				IPHONEOS_DEPLOYMENT_TARGET = 13.2;
				LD_RUNPATH_SEARCH_PATHS = (
					"$(inherited)",
					"@executable_path/Frameworks",
					"@loader_path/Frameworks",
				);
				PRODUCT_BUNDLE_IDENTIFIER = com.ahadislam.Unit3AssessmentTests;
				PRODUCT_NAME = "$(TARGET_NAME)";
				SWIFT_VERSION = 5.0;
				TARGETED_DEVICE_FAMILY = "1,2";
				TEST_HOST = "$(BUILT_PRODUCTS_DIR)/Unit3Assessment.app/Unit3Assessment";
			};
			name = Release;
		};
/* End XCBuildConfiguration section */

/* Begin XCConfigurationList section */
		E1E3967C23A31AF600F0613D /* Build configuration list for PBXProject "Unit3Assessment" */ = {
			isa = XCConfigurationList;
			buildConfigurations = (
				E1E3969E23A31AF900F0613D /* Debug */,
				E1E3969F23A31AF900F0613D /* Release */,
			);
			defaultConfigurationIsVisible = 0;
			defaultConfigurationName = Release;
		};
		E1E396A023A31AF900F0613D /* Build configuration list for PBXNativeTarget "Unit3Assessment" */ = {
			isa = XCConfigurationList;
			buildConfigurations = (
				E1E396A123A31AF900F0613D /* Debug */,
				E1E396A223A31AF900F0613D /* Release */,
			);
			defaultConfigurationIsVisible = 0;
			defaultConfigurationName = Release;
		};
		E1E396A323A31AF900F0613D /* Build configuration list for PBXNativeTarget "Unit3AssessmentTests" */ = {
			isa = XCConfigurationList;
			buildConfigurations = (
				E1E396A423A31AF900F0613D /* Debug */,
				E1E396A523A31AF900F0613D /* Release */,
			);
			defaultConfigurationIsVisible = 0;
			defaultConfigurationName = Release;
		};
/* End XCConfigurationList section */
	};
	rootObject = E1E3967923A31AF600F0613D /* Project object */;
}
